
Microsoft Visual Studio Solution File, Format Version 12.00
# Visual Studio Version 17
VisualStudioVersion = 17.10.35122.118
MinimumVisualStudioVersion = 10.0.40219.1
Project("{FAE04EC0-301F-11D3-BF4B-00C04F79EFBC}") = "SmarterConditioner", "SmarterConditioner\SmarterConditioner.csproj", "{84956BE0-0233-468C-976A-F655EF4DF7C3}"
EndProject
Global
	GlobalSection(SolutionConfigurationPlatforms) = preSolution
		Debug|Any CPU = Debug|Any CPU
		Release|Any CPU = Release|Any CPU
	EndGlobalSection
	GlobalSection(ProjectConfigurationPlatforms) = postSolution
		{84956BE0-0233-468C-976A-F655EF4DF7C3}.Debug|Any CPU.ActiveCfg = Debug|Any CPU
		{84956BE0-0233-468C-976A-F655EF4DF7C3}.Debug|Any CPU.Build.0 = Debug|Any CPU
		{84956BE0-0233-468C-976A-F655EF4DF7C3}.Release|Any CPU.ActiveCfg = Release|Any CPU
		{84956BE0-0233-468C-976A-F655EF4DF7C3}.Release|Any CPU.Build.0 = Release|Any CPU
	EndGlobalSection
	GlobalSection(SolutionProperties) = preSolution
		HideSolutionNode = FALSE
	EndGlobalSection
	GlobalSection(ExtensibilityGlobals) = postSolution
		SolutionGuid = {20E0BEA9-6718-4487-8447-A591ED1D66D3}
	EndGlobalSection
EndGlobal
